// !$*UTF8*$!
{
	archiveVersion = 1;
	classes = {
	};
	objectVersion = 55;
	objects = {

/* Begin PBXBuildFile section */
		722D8A2A280E2AE4001BE55E /* AppDelegate.swift in Sources */ = {isa = PBXBuildFile; fileRef = 722D8A29280E2AE4001BE55E /* AppDelegate.swift */; };
		722D8A2C280E2AE4001BE55E /* SceneDelegate.swift in Sources */ = {isa = PBXBuildFile; fileRef = 722D8A2B280E2AE4001BE55E /* SceneDelegate.swift */; };
		722D8A31280E2AE4001BE55E /* Main.storyboard in Resources */ = {isa = PBXBuildFile; fileRef = 722D8A2F280E2AE4001BE55E /* Main.storyboard */; };
		722D8A33280E2AED001BE55E /* Assets.xcassets in Resources */ = {isa = PBXBuildFile; fileRef = 722D8A32280E2AED001BE55E /* Assets.xcassets */; };
		722D8A36280E2AED001BE55E /* LaunchScreen.storyboard in Resources */ = {isa = PBXBuildFile; fileRef = 722D8A34280E2AED001BE55E /* LaunchScreen.storyboard */; };
		722D8A43280E3537001BE55E /* MovieDetailViewController.swift in Sources */ = {isa = PBXBuildFile; fileRef = 722D8A42280E3537001BE55E /* MovieDetailViewController.swift */; };
		722D8A49280E393E001BE55E /* Movie.swift in Sources */ = {isa = PBXBuildFile; fileRef = 722D8A48280E393E001BE55E /* Movie.swift */; };
		722D8A4B280E3C06001BE55E /* ResponseModels.swift in Sources */ = {isa = PBXBuildFile; fileRef = 722D8A4A280E3C06001BE55E /* ResponseModels.swift */; };
		722D8A4D280F8357001BE55E /* MovieController.swift in Sources */ = {isa = PBXBuildFile; fileRef = 722D8A4C280F8357001BE55E /* MovieController.swift */; };
		722D8A512811E2D0001BE55E /* MoviesCollectionViewController.swift in Sources */ = {isa = PBXBuildFile; fileRef = 722D8A502811E2D0001BE55E /* MoviesCollectionViewController.swift */; };
		722D8A532811F014001BE55E /* MovieCollectionViewCell.swift in Sources */ = {isa = PBXBuildFile; fileRef = 722D8A522811F014001BE55E /* MovieCollectionViewCell.swift */; };
/* End PBXBuildFile section */

/* Begin PBXFileReference section */
		722D8A26280E2AE4001BE55E /* TheMovieDB.app */ = {isa = PBXFileReference; explicitFileType = wrapper.application; includeInIndex = 0; path = TheMovieDB.app; sourceTree = BUILT_PRODUCTS_DIR; };
		722D8A29280E2AE4001BE55E /* AppDelegate.swift */ = {isa = PBXFileReference; lastKnownFileType = sourcecode.swift; path = AppDelegate.swift; sourceTree = "<group>"; };
		722D8A2B280E2AE4001BE55E /* SceneDelegate.swift */ = {isa = PBXFileReference; lastKnownFileType = sourcecode.swift; path = SceneDelegate.swift; sourceTree = "<group>"; };
		722D8A30280E2AE4001BE55E /* Base */ = {isa = PBXFileReference; lastKnownFileType = file.storyboard; name = Base; path = Base.lproj/Main.storyboard; sourceTree = "<group>"; };
		722D8A32280E2AED001BE55E /* Assets.xcassets */ = {isa = PBXFileReference; lastKnownFileType = folder.assetcatalog; path = Assets.xcassets; sourceTree = "<group>"; };
		722D8A35280E2AED001BE55E /* Base */ = {isa = PBXFileReference; lastKnownFileType = file.storyboard; name = Base; path = Base.lproj/LaunchScreen.storyboard; sourceTree = "<group>"; };
		722D8A37280E2AED001BE55E /* Info.plist */ = {isa = PBXFileReference; lastKnownFileType = text.plist.xml; path = Info.plist; sourceTree = "<group>"; };
		722D8A42280E3537001BE55E /* MovieDetailViewController.swift */ = {isa = PBXFileReference; lastKnownFileType = sourcecode.swift; path = MovieDetailViewController.swift; sourceTree = "<group>"; };
		722D8A48280E393E001BE55E /* Movie.swift */ = {isa = PBXFileReference; lastKnownFileType = sourcecode.swift; path = Movie.swift; sourceTree = "<group>"; };
		722D8A4A280E3C06001BE55E /* ResponseModels.swift */ = {isa = PBXFileReference; lastKnownFileType = sourcecode.swift; path = ResponseModels.swift; sourceTree = "<group>"; };
		722D8A4C280F8357001BE55E /* MovieController.swift */ = {isa = PBXFileReference; lastKnownFileType = sourcecode.swift; path = MovieController.swift; sourceTree = "<group>"; };
		722D8A502811E2D0001BE55E /* MoviesCollectionViewController.swift */ = {isa = PBXFileReference; lastKnownFileType = sourcecode.swift; path = MoviesCollectionViewController.swift; sourceTree = "<group>"; };
		722D8A522811F014001BE55E /* MovieCollectionViewCell.swift */ = {isa = PBXFileReference; lastKnownFileType = sourcecode.swift; path = MovieCollectionViewCell.swift; sourceTree = "<group>"; };
/* End PBXFileReference section */

/* Begin PBXFrameworksBuildPhase section */
		722D8A23280E2AE4001BE55E /* Frameworks */ = {
			isa = PBXFrameworksBuildPhase;
			buildActionMask = 2147483647;
			files = (
			);
			runOnlyForDeploymentPostprocessing = 0;
		};
/* End PBXFrameworksBuildPhase section */

/* Begin PBXGroup section */
		722D8A1D280E2AE4001BE55E = {
			isa = PBXGroup;
			children = (
				722D8A28280E2AE4001BE55E /* TheMovieDB */,
				722D8A27280E2AE4001BE55E /* Products */,
			);
			sourceTree = "<group>";
		};
		722D8A27280E2AE4001BE55E /* Products */ = {
			isa = PBXGroup;
			children = (
				722D8A26280E2AE4001BE55E /* TheMovieDB.app */,
			);
			name = Products;
			sourceTree = "<group>";
		};
		722D8A28280E2AE4001BE55E /* TheMovieDB */ = {
			isa = PBXGroup;
			children = (
				722D8A3F280E2F80001BE55E /* Presenter */,
				722D8A3E280E2C6C001BE55E /* View */,
				722D8A3D280E2C60001BE55E /* Model */,
				722D8A29280E2AE4001BE55E /* AppDelegate.swift */,
				722D8A2B280E2AE4001BE55E /* SceneDelegate.swift */,
				722D8A32280E2AED001BE55E /* Assets.xcassets */,
				722D8A34280E2AED001BE55E /* LaunchScreen.storyboard */,
				722D8A37280E2AED001BE55E /* Info.plist */,
			);
			path = TheMovieDB;
			sourceTree = "<group>";
		};
		722D8A3D280E2C60001BE55E /* Model */ = {
			isa = PBXGroup;
			children = (
				722D8A48280E393E001BE55E /* Movie.swift */,
				722D8A4A280E3C06001BE55E /* ResponseModels.swift */,
				722D8A4C280F8357001BE55E /* MovieController.swift */,
			);
			path = Model;
			sourceTree = "<group>";
		};
		722D8A3E280E2C6C001BE55E /* View */ = {
			isa = PBXGroup;
			children = (
				722D8A2F280E2AE4001BE55E /* Main.storyboard */,
				722D8A522811F014001BE55E /* MovieCollectionViewCell.swift */,
			);
			path = View;
			sourceTree = "<group>";
		};
		722D8A3F280E2F80001BE55E /* Presenter */ = {
			isa = PBXGroup;
			children = (
				722D8A42280E3537001BE55E /* MovieDetailViewController.swift */,
				722D8A502811E2D0001BE55E /* MoviesCollectionViewController.swift */,
			);
			path = Presenter;
			sourceTree = "<group>";
		};
/* End PBXGroup section */

/* Begin PBXNativeTarget section */
		722D8A25280E2AE4001BE55E /* TheMovieDB */ = {
			isa = PBXNativeTarget;
			buildConfigurationList = 722D8A3A280E2AED001BE55E /* Build configuration list for PBXNativeTarget "TheMovieDB" */;
			buildPhases = (
				722D8A22280E2AE4001BE55E /* Sources */,
				722D8A23280E2AE4001BE55E /* Frameworks */,
				722D8A24280E2AE4001BE55E /* Resources */,
			);
			buildRules = (
			);
			dependencies = (
			);
			name = TheMovieDB;
			productName = TheMovieDB;
			productReference = 722D8A26280E2AE4001BE55E /* TheMovieDB.app */;
			productType = "com.apple.product-type.application";
		};
/* End PBXNativeTarget section */

/* Begin PBXProject section */
		722D8A1E280E2AE4001BE55E /* Project object */ = {
			isa = PBXProject;
			attributes = {
				BuildIndependentTargetsInParallel = 1;
				LastSwiftUpdateCheck = 1320;
				LastUpgradeCheck = 1320;
				TargetAttributes = {
					722D8A25280E2AE4001BE55E = {
						CreatedOnToolsVersion = 13.2.1;
					};
				};
			};
			buildConfigurationList = 722D8A21280E2AE4001BE55E /* Build configuration list for PBXProject "TheMovieDB" */;
			compatibilityVersion = "Xcode 13.0";
			developmentRegion = en;
			hasScannedForEncodings = 0;
			knownRegions = (
				en,
				Base,
			);
			mainGroup = 722D8A1D280E2AE4001BE55E;
			productRefGroup = 722D8A27280E2AE4001BE55E /* Products */;
			projectDirPath = "";
			projectRoot = "";
			targets = (
				722D8A25280E2AE4001BE55E /* TheMovieDB */,
			);
		};
/* End PBXProject section */

/* Begin PBXResourcesBuildPhase section */
		722D8A24280E2AE4001BE55E /* Resources */ = {
			isa = PBXResourcesBuildPhase;
			buildActionMask = 2147483647;
			files = (
				722D8A36280E2AED001BE55E /* LaunchScreen.storyboard in Resources */,
				722D8A33280E2AED001BE55E /* Assets.xcassets in Resources */,
				722D8A31280E2AE4001BE55E /* Main.storyboard in Resources */,
			);
			runOnlyForDeploymentPostprocessing = 0;
		};
/* End PBXResourcesBuildPhase section */

/* Begin PBXSourcesBuildPhase section */
		722D8A22280E2AE4001BE55E /* Sources */ = {
			isa = PBXSourcesBuildPhase;
			buildActionMask = 2147483647;
			files = (
				722D8A43280E3537001BE55E /* MovieDetailViewController.swift in Sources */,
				722D8A49280E393E001BE55E /* Movie.swift in Sources */,
				722D8A2A280E2AE4001BE55E /* AppDelegate.swift in Sources */,
				722D8A4D280F8357001BE55E /* MovieController.swift in Sources */,
				722D8A512811E2D0001BE55E /* MoviesCollectionViewController.swift in Sources */,
				722D8A2C280E2AE4001BE55E /* SceneDelegate.swift in Sources */,
				722D8A4B280E3C06001BE55E /* ResponseModels.swift in Sources */,
				722D8A532811F014001BE55E /* MovieCollectionViewCell.swift in Sources */,
			);
			runOnlyForDeploymentPostprocessing = 0;
		};
/* End PBXSourcesBuildPhase section */

/* Begin PBXVariantGroup section */
		722D8A2F280E2AE4001BE55E /* Main.storyboard */ = {
			isa = PBXVariantGroup;
			children = (
				722D8A30280E2AE4001BE55E /* Base */,
			);
			name = Main.storyboard;
			sourceTree = "<group>";
		};
		722D8A34280E2AED001BE55E /* LaunchScreen.storyboard */ = {
			isa = PBXVariantGroup;
			children = (
				722D8A35280E2AED001BE55E /* Base */,
			);
			name = LaunchScreen.storyboard;
			sourceTree = "<group>";
		};
/* End PBXVariantGroup section */

/* Begin XCBuildConfiguration section */
		722D8A38280E2AED001BE55E /* Debug */ = {
			isa = XCBuildConfiguration;
			buildSettings = {
				ALWAYS_SEARCH_USER_PATHS = NO;
				CLANG_ANALYZER_NONNULL = YES;
				CLANG_ANALYZER_NUMBER_OBJECT_CONVERSION = YES_AGGRESSIVE;
				CLANG_CXX_LANGUAGE_STANDARD = "gnu++17";
				CLANG_CXX_LIBRARY = "libc++";
				CLANG_ENABLE_MODULES = YES;
				CLANG_ENABLE_OBJC_ARC = YES;
				CLANG_ENABLE_OBJC_WEAK = YES;
				CLANG_WARN_BLOCK_CAPTURE_AUTORELEASING = YES;
				CLANG_WARN_BOOL_CONVERSION = YES;
				CLANG_WARN_COMMA = YES;
				CLANG_WARN_CONSTANT_CONVERSION = YES;
				CLANG_WARN_DEPRECATED_OBJC_IMPLEMENTATIONS = YES;
				CLANG_WARN_DIRECT_OBJC_ISA_USAGE = YES_ERROR;
				CLANG_WARN_DOCUMENTATION_COMMENTS = YES;
				CLANG_WARN_EMPTY_BODY = YES;
				CLANG_WARN_ENUM_CONVERSION = YES;
				CLANG_WARN_INFINITE_RECURSION = YES;
				CLANG_WARN_INT_CONVERSION = YES;
				CLANG_WARN_NON_LITERAL_NULL_CONVERSION = YES;
				CLANG_WARN_OBJC_IMPLICIT_RETAIN_SELF = YES;
				CLANG_WARN_OBJC_LITERAL_CONVERSION = YES;
				CLANG_WARN_OBJC_ROOT_CLASS = YES_ERROR;
				CLANG_WARN_QUOTED_INCLUDE_IN_FRAMEWORK_HEADER = YES;
				CLANG_WARN_RANGE_LOOP_ANALYSIS = YES;
				CLANG_WARN_STRICT_PROTOTYPES = YES;
				CLANG_WARN_SUSPICIOUS_MOVE = YES;
				CLANG_WARN_UNGUARDED_AVAILABILITY = YES_AGGRESSIVE;
				CLANG_WARN_UNREACHABLE_CODE = YES;
				CLANG_WARN__DUPLICATE_METHOD_MATCH = YES;
				COPY_PHASE_STRIP = NO;
				DEBUG_INFORMATION_FORMAT = dwarf;
				ENABLE_STRICT_OBJC_MSGSEND = YES;
				ENABLE_TESTABILITY = YES;
				GCC_C_LANGUAGE_STANDARD = gnu11;
				GCC_DYNAMIC_NO_PIC = NO;
				GCC_NO_COMMON_BLOCKS = YES;
				GCC_OPTIMIZATION_LEVEL = 0;
				GCC_PREPROCESSOR_DEFINITIONS = (
					"DEBUG=1",
					"$(inherited)",
				);
				GCC_WARN_64_TO_32_BIT_CONVERSION = YES;
				GCC_WARN_ABOUT_RETURN_TYPE = YES_ERROR;
				GCC_WARN_UNDECLARED_SELECTOR = YES;
				GCC_WARN_UNINITIALIZED_AUTOS = YES_AGGRESSIVE;
				GCC_WARN_UNUSED_FUNCTION = YES;
				GCC_WARN_UNUSED_VARIABLE = YES;
				IPHONEOS_DEPLOYMENT_TARGET = 15.2;
				MTL_ENABLE_DEBUG_INFO = INCLUDE_SOURCE;
				MTL_FAST_MATH = YES;
				ONLY_ACTIVE_ARCH = YES;
				SDKROOT = iphoneos;
				SWIFT_ACTIVE_COMPILATION_CONDITIONS = DEBUG;
				SWIFT_OPTIMIZATION_LEVEL = "-Onone";
			};
			name = Debug;
		};
		722D8A39280E2AED001BE55E /* Release */ = {
			isa = XCBuildConfiguration;
			buildSettings = {
				ALWAYS_SEARCH_USER_PATHS = NO;
				CLANG_ANALYZER_NONNULL = YES;
				CLANG_ANALYZER_NUMBER_OBJECT_CONVERSION = YES_AGGRESSIVE;
				CLANG_CXX_LANGUAGE_STANDARD = "gnu++17";
				CLANG_CXX_LIBRARY = "libc++";
				CLANG_ENABLE_MODULES = YES;
				CLANG_ENABLE_OBJC_ARC = YES;
				CLANG_ENABLE_OBJC_WEAK = YES;
				CLANG_WARN_BLOCK_CAPTURE_AUTORELEASING = YES;
				CLANG_WARN_BOOL_CONVERSION = YES;
				CLANG_WARN_COMMA = YES;
				CLANG_WARN_CONSTANT_CONVERSION = YES;
				CLANG_WARN_DEPRECATED_OBJC_IMPLEMENTATIONS = YES;
				CLANG_WARN_DIRECT_OBJC_ISA_USAGE = YES_ERROR;
				CLANG_WARN_DOCUMENTATION_COMMENTS = YES;
				CLANG_WARN_EMPTY_BODY = YES;
				CLANG_WARN_ENUM_CONVERSION = YES;
				CLANG_WARN_INFINITE_RECURSION = YES;
				CLANG_WARN_INT_CONVERSION = YES;
				CLANG_WARN_NON_LITERAL_NULL_CONVERSION = YES;
				CLANG_WARN_OBJC_IMPLICIT_RETAIN_SELF = YES;
				CLANG_WARN_OBJC_LITERAL_CONVERSION = YES;
				CLANG_WARN_OBJC_ROOT_CLASS = YES_ERROR;
				CLANG_WARN_QUOTED_INCLUDE_IN_FRAMEWORK_HEADER = YES;
				CLANG_WARN_RANGE_LOOP_ANALYSIS = YES;
				CLANG_WARN_STRICT_PROTOTYPES = YES;
				CLANG_WARN_SUSPICIOUS_MOVE = YES;
				CLANG_WARN_UNGUARDED_AVAILABILITY = YES_AGGRESSIVE;
				CLANG_WARN_UNREACHABLE_CODE = YES;
				CLANG_WARN__DUPLICATE_METHOD_MATCH = YES;
				COPY_PHASE_STRIP = NO;
				DEBUG_INFORMATION_FORMAT = "dwarf-with-dsym";
				ENABLE_NS_ASSERTIONS = NO;
				ENABLE_STRICT_OBJC_MSGSEND = YES;
				GCC_C_LANGUAGE_STANDARD = gnu11;
				GCC_NO_COMMON_BLOCKS = YES;
				GCC_WARN_64_TO_32_BIT_CONVERSION = YES;
				GCC_WARN_ABOUT_RETURN_TYPE = YES_ERROR;
				GCC_WARN_UNDECLARED_SELECTOR = YES;
				GCC_WARN_UNINITIALIZED_AUTOS = YES_AGGRESSIVE;
				GCC_WARN_UNUSED_FUNCTION = YES;
				GCC_WARN_UNUSED_VARIABLE = YES;
				IPHONEOS_DEPLOYMENT_TARGET = 15.2;
				MTL_ENABLE_DEBUG_INFO = NO;
				MTL_FAST_MATH = YES;
				SDKROOT = iphoneos;
				SWIFT_COMPILATION_MODE = wholemodule;
				SWIFT_OPTIMIZATION_LEVEL = "-O";
				VALIDATE_PRODUCT = YES;
			};
			name = Release;
		};
		722D8A3B280E2AED001BE55E /* Debug */ = {
			isa = XCBuildConfiguration;
			buildSettings = {
				ASSETCATALOG_COMPILER_APPICON_NAME = AppIcon;
				ASSETCATALOG_COMPILER_GLOBAL_ACCENT_COLOR_NAME = AccentColor;
				CODE_SIGN_STYLE = Automatic;
				CURRENT_PROJECT_VERSION = 1;
				DEVELOPMENT_TEAM = V5C4A94KDD;
				GENERATE_INFOPLIST_FILE = YES;
				INFOPLIST_FILE = TheMovieDB/Info.plist;
				INFOPLIST_KEY_UIApplicationSupportsIndirectInputEvents = YES;
				INFOPLIST_KEY_UILaunchStoryboardName = LaunchScreen;
				INFOPLIST_KEY_UIMainStoryboardFile = Main;
				INFOPLIST_KEY_UISupportedInterfaceOrientations_iPad = "UIInterfaceOrientationPortrait UIInterfaceOrientationPortraitUpsideDown UIInterfaceOrientationLandscapeLeft UIInterfaceOrientationLandscapeRight";
				INFOPLIST_KEY_UISupportedInterfaceOrientations_iPhone = "UIInterfaceOrientationPortrait UIInterfaceOrientationLandscapeLeft UIInterfaceOrientationLandscapeRight";
				LD_RUNPATH_SEARCH_PATHS = (
					"$(inherited)",
					"@executable_path/Frameworks",
				);
				MARKETING_VERSION = 1.0;
				PRODUCT_BUNDLE_IDENTIFIER = com.federico.torres.TheMovieDB;
				PRODUCT_NAME = "$(TARGET_NAME)";
				SWIFT_EMIT_LOC_STRINGS = YES;
				SWIFT_VERSION = 5.0;
				TARGETED_DEVICE_FAMILY = "1,2";
			};
			name = Debug;
		};
		722D8A3C280E2AED001BE55E /* Release */ = {
			isa = XCBuildConfiguration;
			buildSettings = {
				ASSETCATALOG_COMPILER_APPICON_NAME = AppIcon;
				ASSETCATALOG_COMPILER_GLOBAL_ACCENT_COLOR_NAME = AccentColor;
				CODE_SIGN_STYLE = Automatic;
				CURRENT_PROJECT_VERSION = 1;
				DEVELOPMENT_TEAM = V5C4A94KDD;
				GENERATE_INFOPLIST_FILE = YES;
				INFOPLIST_FILE = TheMovieDB/Info.plist;
				INFOPLIST_KEY_UIApplicationSupportsIndirectInputEvents = YES;
				INFOPLIST_KEY_UILaunchStoryboardName = LaunchScreen;
				INFOPLIST_KEY_UIMainStoryboardFile = Main;
				INFOPLIST_KEY_UISupportedInterfaceOrientations_iPad = "UIInterfaceOrientationPortrait UIInterfaceOrientationPortraitUpsideDown UIInterfaceOrientationLandscapeLeft UIInterfaceOrientationLandscapeRight";
				INFOPLIST_KEY_UISupportedInterfaceOrientations_iPhone = "UIInterfaceOrientationPortrait UIInterfaceOrientationLandscapeLeft UIInterfaceOrientationLandscapeRight";
				LD_RUNPATH_SEARCH_PATHS = (
					"$(inherited)",
					"@executable_path/Frameworks",
				);
				MARKETING_VERSION = 1.0;
				PRODUCT_BUNDLE_IDENTIFIER = com.federico.torres.TheMovieDB;
				PRODUCT_NAME = "$(TARGET_NAME)";
				SWIFT_EMIT_LOC_STRINGS = YES;
				SWIFT_VERSION = 5.0;
				TARGETED_DEVICE_FAMILY = "1,2";
			};
			name = Release;
		};
/* End XCBuildConfiguration section */

/* Begin XCConfigurationList section */
		722D8A21280E2AE4001BE55E /* Build configuration list for PBXProject "TheMovieDB" */ = {
			isa = XCConfigurationList;
			buildConfigurations = (
				722D8A38280E2AED001BE55E /* Debug */,
				722D8A39280E2AED001BE55E /* Release */,
			);
			defaultConfigurationIsVisible = 0;
			defaultConfigurationName = Release;
		};
		722D8A3A280E2AED001BE55E /* Build configuration list for PBXNativeTarget "TheMovieDB" */ = {
			isa = XCConfigurationList;
			buildConfigurations = (
				722D8A3B280E2AED001BE55E /* Debug */,
				722D8A3C280E2AED001BE55E /* Release */,
			);
			defaultConfigurationIsVisible = 0;
			defaultConfigurationName = Release;
		};
/* End XCConfigurationList section */
	};
	rootObject = 722D8A1E280E2AE4001BE55E /* Project object */;
}
